
Microsoft Visual Studio Solution File, Format Version 12.00
# Visual Studio Version 17
VisualStudioVersion = 17.10.35013.160
MinimumVisualStudioVersion = 10.0.40219.1
Project("{FAE04EC0-301F-11D3-BF4B-00C04F79EFBC}") = "LubrilogixTest", "LubrilogixTest\LubrilogixTest.csproj", "{CDAFA07D-AB42-451E-96BA-85D9E4ABF6A3}"
EndProject
Global
	GlobalSection(SolutionConfigurationPlatforms) = preSolution
		Debug|Any CPU = Debug|Any CPU
		Release|Any CPU = Release|Any CPU
	EndGlobalSection
	GlobalSection(ProjectConfigurationPlatforms) = postSolution
		{CDAFA07D-AB42-451E-96BA-85D9E4ABF6A3}.Debug|Any CPU.ActiveCfg = Debug|Any CPU
		{CDAFA07D-AB42-451E-96BA-85D9E4ABF6A3}.Debug|Any CPU.Build.0 = Debug|Any CPU
		{CDAFA07D-AB42-451E-96BA-85D9E4ABF6A3}.Release|Any CPU.ActiveCfg = Release|Any CPU
		{CDAFA07D-AB42-451E-96BA-85D9E4ABF6A3}.Release|Any CPU.Build.0 = Release|Any CPU
	EndGlobalSection
	GlobalSection(SolutionProperties) = preSolution
		HideSolutionNode = FALSE
	EndGlobalSection
	GlobalSection(ExtensibilityGlobals) = postSolution
		SolutionGuid = {09225E92-30C8-49F1-9BA8-FA9BE2BC89CF}
	EndGlobalSection
EndGlobal
